{
  "lockfile-version": 1,
  "manifest": {
    "version": 1,
    "install": {
      "claude-code": {
        "pkg-path": "claude-code"
      },
      "flox-mcp-server": {
        "pkg-path": "flox/flox-mcp-server",
        "pkg-group": "flox-mcp-server",
        "systems": [
          "x86_64-linux",
          "aarch64-darwin",
          "aarch64-linux"
        ]
      },
      "gh": {
        "pkg-path": "gh"
      },
      "go": {
        "pkg-path": "go",
        "version": "^1.20"
      },
      "mise": {
        "pkg-path": "mise"
      },
      "teleport_16": {
        "pkg-path": "teleport_16"
      }
    },
    "hook": {
      "on-activate": "  # Autogenerated by Flox\n\n  # Point GOENV to Flox environment cache\n  export GOENV=\"$FLOX_ENV_CACHE/goenv\"\n\n  # Install Go dependencies\n  go get .\n\n  # End autogenerated by Flox\n"
    },
    "profile": {},
    "options": {}
  },
  "packages": [
    {
      "attr_path": "flox-mcp-server",
      "broken": false,
      "derivation": "/nix/store/inlxks5yk57808y2kc654g2y2wdh73hh-flox-mcp-server-0.2.2.drv",
      "description": "MCP server for Flox package manager",
      "install_id": "flox-mcp-server",
      "license": "MIT",
      "locked_url": "https://github.com/flox/mcp-server?rev=61f940167b7a1d245e314fb84668232ed7195f93",
      "name": "flox-mcp-server-0.2.2",
      "pname": "flox-mcp-server",
      "rev": "61f940167b7a1d245e314fb84668232ed7195f93",
      "rev_count": 30,
      "rev_date": "2026-02-03T16:40:14Z",
      "scrape_date": "2026-02-09T21:51:06.784909322Z",
      "stabilities": [
        "unstable"
      ],
      "unfree": false,
      "version": "0.2.2",
      "outputs_to_install": [
        "out"
      ],
      "outputs": {
        "dist": "/nix/store/hdfanrwiqj9302qiivnpqanfq1zk8srh-flox-mcp-server-0.2.2-dist",
        "out": "/nix/store/6ln8l75s9pi54xz1dlksya8rlq8cz230-flox-mcp-server-0.2.2"
      },
      "system": "aarch64-darwin",
      "group": "flox-mcp-server",
      "priority": 5
    },
    {
      "attr_path": "flox-mcp-server",
      "broken": false,
      "derivation": "/nix/store/pdimfq1f3l2kmx2plr6xpas8abby5y2p-flox-mcp-server-0.2.2.drv",
      "description": "MCP server for Flox package manager",
      "install_id": "flox-mcp-server",
      "license": "MIT",
      "locked_url": "https://github.com/flox/mcp-server?rev=61f940167b7a1d245e314fb84668232ed7195f93",
      "name": "flox-mcp-server-0.2.2",
      "pname": "flox-mcp-server",
      "rev": "61f940167b7a1d245e314fb84668232ed7195f93",
      "rev_count": 30,
      "rev_date": "2026-02-03T16:40:14Z",
      "scrape_date": "2026-02-09T21:51:06.784912072Z",
      "stabilities": [
        "unstable"
      ],
      "unfree": false,
      "version": "0.2.2",
      "outputs_to_install": [
        "out"
      ],
      "outputs": {
        "dist": "/nix/store/6zjsiagcmx2qflf30kgcnfakipynghlk-flox-mcp-server-0.2.2-dist",
        "out": "/nix/store/h4y7xqn88gyxd7vymv40y9jnf4l06p5i-flox-mcp-server-0.2.2"
      },
      "system": "aarch64-linux",
      "group": "flox-mcp-server",
      "priority": 5
    },
    {
      "attr_path": "flox-mcp-server",
      "broken": false,
      "derivation": "/nix/store/nnqy64nl48nwnz26x2kwagr10ryz54yg-flox-mcp-server-0.2.2.drv",
      "description": "MCP server for Flox package manager",
      "install_id": "flox-mcp-server",
      "license": "MIT",
      "locked_url": "https://github.com/flox/mcp-server?rev=61f940167b7a1d245e314fb84668232ed7195f93",
      "name": "flox-mcp-server-0.2.2",
      "pname": "flox-mcp-server",
      "rev": "61f940167b7a1d245e314fb84668232ed7195f93",
      "rev_count": 30,
      "rev_date": "2026-02-03T16:40:14Z",
      "scrape_date": "2026-02-09T21:51:06.784913030Z",
      "stabilities": [
        "unstable"
      ],
      "unfree": false,
      "version": "0.2.2",
      "outputs_to_install": [
        "out"
      ],
      "outputs": {
        "dist": "/nix/store/g2xdbvax1d4yv0czq31pkfnyf5snynh1-flox-mcp-server-0.2.2-dist",
        "out": "/nix/store/xwcqr4jvj2fqnm6jhxaakigbry38y7vk-flox-mcp-server-0.2.2"
      },
      "system": "x86_64-linux",
      "group": "flox-mcp-server",
      "priority": 5
    },
    {
      "attr_path": "claude-code",
      "broken": false,
      "derivation": "/nix/store/wm3898aygscqcryq92qaxqwzlldwdg1s-claude-code-2.0.30.drv",
      "description": "Agentic coding tool that lives in your terminal, understands your codebase, and helps you code faster",
      "install_id": "claude-code",
      "license": "Unfree",
      "locked_url": "https://github.com/flox/nixpkgs?rev=b3d51a0365f6695e7dd5cdf3e180604530ed33b4",
      "name": "claude-code-2.0.30",
      "pname": "claude-code",
      "rev": "b3d51a0365f6695e7dd5cdf3e180604530ed33b4",
      "rev_count": 888552,
      "rev_date": "2025-11-02T19:18:41Z",
      "scrape_date": "2025-11-04T00:35:18.367967Z",
      "stabilities": [
        "unstable"
      ],
      "unfree": true,
      "version": "2.0.30",
      "outputs_to_install": [
        "out"
      ],
      "outputs": {
        "out": "/nix/store/hzqj7n02j0rdgjxmhdnpxn94910dszlg-claude-code-2.0.30"
      },
      "system": "aarch64-darwin",
      "group": "toplevel",
      "priority": 5
    },
    {
      "attr_path": "claude-code",
      "broken": false,
      "derivation": "/nix/store/iyqnvbygw7qnmhy3q0a3xah0x2172xrs-claude-code-2.0.30.drv",
      "description": "Agentic coding tool that lives in your terminal, understands your codebase, and helps you code faster",
      "install_id": "claude-code",
      "license": "Unfree",
      "locked_url": "https://github.com/flox/nixpkgs?rev=b3d51a0365f6695e7dd5cdf3e180604530ed33b4",
      "name": "claude-code-2.0.30",
      "pname": "claude-code",
      "rev": "b3d51a0365f6695e7dd5cdf3e180604530ed33b4",
      "rev_count": 888552,
      "rev_date": "2025-11-02T19:18:41Z",
      "scrape_date": "2025-11-05T16:28:57.669127Z",
      "stabilities": [
        "unstable"
      ],
      "unfree": true,
      "version": "2.0.30",
      "outputs_to_install": [
        "out"
      ],
      "outputs": {
        "out": "/nix/store/103scqn5wpjx1qrqqlbpl4xv1ja58q5j-claude-code-2.0.30"
      },
      "system": "aarch64-linux",
      "group": "toplevel",
      "priority": 5
    },
    {
      "attr_path": "claude-code",
      "broken": false,
      "derivation": "/nix/store/6arwb3n3gcq2nwmqz0a723v3gy3shh05-claude-code-2.0.30.drv",
      "description": "Agentic coding tool that lives in your terminal, understands your codebase, and helps you code faster",
      "install_id": "claude-code",
      "license": "Unfree",
      "locked_url": "https://github.com/flox/nixpkgs?rev=b3d51a0365f6695e7dd5cdf3e180604530ed33b4",
      "name": "claude-code-2.0.30",
      "pname": "claude-code",
      "rev": "b3d51a0365f6695e7dd5cdf3e180604530ed33b4",
      "rev_count": 888552,
      "rev_date": "2025-11-02T19:18:41Z",
      "scrape_date": "2025-11-05T16:54:57.409416Z",
      "stabilities": [
        "unstable"
      ],
      "unfree": true,
      "version": "2.0.30",
      "outputs_to_install": [
        "out"
      ],
      "outputs": {
        "out": "/nix/store/1g6a26grxq4awpc6z6w08fivzvcnqizv-claude-code-2.0.30"
      },
      "system": "x86_64-darwin",
      "group": "toplevel",
      "priority": 5
    },
    {
      "attr_path": "claude-code",
      "broken": false,
      "derivation": "/nix/store/kiwizv3bh2xrs15qaxnb6ialq08dla2v-claude-code-2.0.30.drv",
      "description": "Agentic coding tool that lives in your terminal, understands your codebase, and helps you code faster",
      "install_id": "claude-code",
      "license": "Unfree",
      "locked_url": "https://github.com/flox/nixpkgs?rev=b3d51a0365f6695e7dd5cdf3e180604530ed33b4",
      "name": "claude-code-2.0.30",
      "pname": "claude-code",
      "rev": "b3d51a0365f6695e7dd5cdf3e180604530ed33b4",
      "rev_count": 888552,
      "rev_date": "2025-11-02T19:18:41Z",
      "scrape_date": "2025-11-05T17:20:46.975714Z",
      "stabilities": [
        "unstable"
      ],
      "unfree": true,
      "version": "2.0.30",
      "outputs_to_install": [
        "out"
      ],
      "outputs": {
        "out": "/nix/store/6is1i3m8viihhhlxjlvmjlq359x3rdrn-claude-code-2.0.30"
      },
      "system": "x86_64-linux",
      "group": "toplevel",
      "priority": 5
    },
    {
      "attr_path": "gh",
      "broken": false,
      "derivation": "/nix/store/lxyarhja4533zcmasw8w78r6bg3wp732-gh-2.82.1.drv",
      "description": "GitHub CLI tool",
      "install_id": "gh",
      "license": "MIT",
      "locked_url": "https://github.com/flox/nixpkgs?rev=b3d51a0365f6695e7dd5cdf3e180604530ed33b4",
      "name": "gh-2.82.1",
      "pname": "gh",
      "rev": "b3d51a0365f6695e7dd5cdf3e180604530ed33b4",
      "rev_count": 888552,
      "rev_date": "2025-11-02T19:18:41Z",
      "scrape_date": "2025-11-04T00:35:19.095888Z",
      "stabilities": [
        "unstable"
      ],
      "unfree": false,
      "version": "2.82.1",
      "outputs_to_install": [
        "out"
      ],
      "outputs": {
        "out": "/nix/store/rd1mj7c2lrhxy0dbyzgpll7qi4p3wjw9-gh-2.82.1"
      },
      "system": "aarch64-darwin",
      "group": "toplevel",
      "priority": 5
    },
    {
      "attr_path": "gh",
      "broken": false,
      "derivation": "/nix/store/vgsip33yqdq9jhbva0cwxnwaadmqpz55-gh-2.82.1.drv",
      "description": "GitHub CLI tool",
      "install_id": "gh",
      "license": "MIT",
      "locked_url": "https://github.com/flox/nixpkgs?rev=b3d51a0365f6695e7dd5cdf3e180604530ed33b4",
      "name": "gh-2.82.1",
      "pname": "gh",
      "rev": "b3d51a0365f6695e7dd5cdf3e180604530ed33b4",
      "rev_count": 888552,
      "rev_date": "2025-11-02T19:18:41Z",
      "scrape_date": "2025-11-05T16:28:58.778074Z",
      "stabilities": [
        "unstable"
      ],
      "unfree": false,
      "version": "2.82.1",
      "outputs_to_install": [
        "out"
      ],
      "outputs": {
        "out": "/nix/store/mwz1nb0v95rvmbrjnwalqggpmv9f52r8-gh-2.82.1"
      },
      "system": "aarch64-linux",
      "group": "toplevel",
      "priority": 5
    },
    {
      "attr_path": "gh",
      "broken": false,
      "derivation": "/nix/store/6pk3p933ii10xdy65dwd7v5w3646gg88-gh-2.82.1.drv",
      "description": "GitHub CLI tool",
      "install_id": "gh",
      "license": "MIT",
      "locked_url": "https://github.com/flox/nixpkgs?rev=b3d51a0365f6695e7dd5cdf3e180604530ed33b4",
      "name": "gh-2.82.1",
      "pname": "gh",
      "rev": "b3d51a0365f6695e7dd5cdf3e180604530ed33b4",
      "rev_count": 888552,
      "rev_date": "2025-11-02T19:18:41Z",
      "scrape_date": "2025-11-05T16:54:58.123979Z",
      "stabilities": [
        "unstable"
      ],
      "unfree": false,
      "version": "2.82.1",
      "outputs_to_install": [
        "out"
      ],
      "outputs": {
        "out": "/nix/store/gqjryg6rrbjgg95ldwifgzl1bp6da5n3-gh-2.82.1"
      },
      "system": "x86_64-darwin",
      "group": "toplevel",
      "priority": 5
    },
    {
      "attr_path": "gh",
      "broken": false,
      "derivation": "/nix/store/ba3if2z5r04vggck4k6ycj234yn9g7q7-gh-2.82.1.drv",
      "description": "GitHub CLI tool",
      "install_id": "gh",
      "license": "MIT",
      "locked_url": "https://github.com/flox/nixpkgs?rev=b3d51a0365f6695e7dd5cdf3e180604530ed33b4",
      "name": "gh-2.82.1",
      "pname": "gh",
      "rev": "b3d51a0365f6695e7dd5cdf3e180604530ed33b4",
      "rev_count": 888552,
      "rev_date": "2025-11-02T19:18:41Z",
      "scrape_date": "2025-11-05T17:20:48.209514Z",
      "stabilities": [
        "unstable"
      ],
      "unfree": false,
      "version": "2.82.1",
      "outputs_to_install": [
        "out"
      ],
      "outputs": {
        "out": "/nix/store/1bqff3apmh2qp2mk7hs4zv9ibvr5q0ic-gh-2.82.1"
      },
      "system": "x86_64-linux",
      "group": "toplevel",
      "priority": 5
    },
    {
      "attr_path": "go",
      "broken": false,
      "derivation": "/nix/store/2xb67c4l9xxlrvaxa9ilgg33h591scjf-go-1.25.2.drv",
      "description": "Go Programming language",
      "install_id": "go",
      "license": "BSD-3-Clause",
      "locked_url": "https://github.com/flox/nixpkgs?rev=b3d51a0365f6695e7dd5cdf3e180604530ed33b4",
      "name": "go-1.25.2",
      "pname": "go",
      "rev": "b3d51a0365f6695e7dd5cdf3e180604530ed33b4",
      "rev_count": 888552,
      "rev_date": "2025-11-02T19:18:41Z",
      "scrape_date": "2025-11-04T00:35:19.240817Z",
      "stabilities": [
        "unstable"
      ],
      "unfree": false,
      "version": "1.25.2",
      "outputs_to_install": [
        "out"
      ],
      "outputs": {
        "out": "/nix/store/nkhf1yv637cp91y79zap7jxmm98v8pvj-go-1.25.2"
      },
      "system": "aarch64-darwin",
      "group": "toplevel",
      "priority": 5
    },
    {
      "attr_path": "go",
      "broken": false,
      "derivation": "/nix/store/rcv50wc3xkxlq1xbjsas1fgr5rbwk337-go-1.25.2.drv",
      "description": "Go Programming language",
      "install_id": "go",
      "license": "BSD-3-Clause",
      "locked_url": "https://github.com/flox/nixpkgs?rev=b3d51a0365f6695e7dd5cdf3e180604530ed33b4",
      "name": "go-1.25.2",
      "pname": "go",
      "rev": "b3d51a0365f6695e7dd5cdf3e180604530ed33b4",
      "rev_count": 888552,
      "rev_date": "2025-11-02T19:18:41Z",
      "scrape_date": "2025-11-05T16:28:59.326449Z",
      "stabilities": [
        "unstable"
      ],
      "unfree": false,
      "version": "1.25.2",
      "outputs_to_install": [
        "out"
      ],
      "outputs": {
        "out": "/nix/store/p1d8jb1k4db3aiqwyp8b1kw4mja3qygx-go-1.25.2"
      },
      "system": "aarch64-linux",
      "group": "toplevel",
      "priority": 5
    },
    {
      "attr_path": "go",
      "broken": false,
      "derivation": "/nix/store/1pkqcd6nfpd80zz7zww5jl8srgp0sx96-go-1.25.2.drv",
      "description": "Go Programming language",
      "install_id": "go",
      "license": "BSD-3-Clause",
      "locked_url": "https://github.com/flox/nixpkgs?rev=b3d51a0365f6695e7dd5cdf3e180604530ed33b4",
      "name": "go-1.25.2",
      "pname": "go",
      "rev": "b3d51a0365f6695e7dd5cdf3e180604530ed33b4",
      "rev_count": 888552,
      "rev_date": "2025-11-02T19:18:41Z",
      "scrape_date": "2025-11-05T16:54:58.294187Z",
      "stabilities": [
        "unstable"
      ],
      "unfree": false,
      "version": "1.25.2",
      "outputs_to_install": [
        "out"
      ],
      "outputs": {
        "out": "/nix/store/xvwacgkf3x446qq3mdsh3v13f8935wa3-go-1.25.2"
      },
      "system": "x86_64-darwin",
      "group": "toplevel",
      "priority": 5
    },
    {
      "attr_path": "go",
      "broken": false,
      "derivation": "/nix/store/zffz4bwhyymy1l87064qgcyzfgqzlcz6-go-1.25.2.drv",
      "description": "Go Programming language",
      "install_id": "go",
      "license": "BSD-3-Clause",
      "locked_url": "https://github.com/flox/nixpkgs?rev=b3d51a0365f6695e7dd5cdf3e180604530ed33b4",
      "name": "go-1.25.2",
      "pname": "go",
      "rev": "b3d51a0365f6695e7dd5cdf3e180604530ed33b4",
      "rev_count": 888552,
      "rev_date": "2025-11-02T19:18:41Z",
      "scrape_date": "2025-11-05T17:20:48.815668Z",
      "stabilities": [
        "unstable"
      ],
      "unfree": false,
      "version": "1.25.2",
      "outputs_to_install": [
        "out"
      ],
      "outputs": {
        "out": "/nix/store/k1kn1c59ss7nq6agdppzq3krwmi3xqy4-go-1.25.2"
      },
      "system": "x86_64-linux",
      "group": "toplevel",
      "priority": 5
    },
    {
      "attr_path": "mise",
      "broken": false,
      "derivation": "/nix/store/4i52zyb8w1rmqivw7i9mqvj3hcn6p85f-mise-2025.9.10.drv",
      "description": "Front-end to your dev env",
      "install_id": "mise",
      "license": "MIT",
      "locked_url": "https://github.com/flox/nixpkgs?rev=b3d51a0365f6695e7dd5cdf3e180604530ed33b4",
      "name": "mise-2025.9.10",
      "pname": "mise",
      "rev": "b3d51a0365f6695e7dd5cdf3e180604530ed33b4",
      "rev_count": 888552,
      "rev_date": "2025-11-02T19:18:41Z",
      "scrape_date": "2025-11-04T00:35:38.325782Z",
      "stabilities": [
        "unstable"
      ],
      "unfree": false,
      "version": "2025.9.10",
      "outputs_to_install": [
        "out"
      ],
      "outputs": {
        "out": "/nix/store/hbmy51vsi92c0bfcgp2w8cy7cx1hqs93-mise-2025.9.10"
      },
      "system": "aarch64-darwin",
      "group": "toplevel",
      "priority": 5
    },
    {
      "attr_path": "mise",
      "broken": false,
      "derivation": "/nix/store/1cnlq329q3rqzxzh1ciklkbkf6akgzjm-mise-2025.9.10.drv",
      "description": "Front-end to your dev env",
      "install_id": "mise",
      "license": "MIT",
      "locked_url": "https://github.com/flox/nixpkgs?rev=b3d51a0365f6695e7dd5cdf3e180604530ed33b4",
      "name": "mise-2025.9.10",
      "pname": "mise",
      "rev": "b3d51a0365f6695e7dd5cdf3e180604530ed33b4",
      "rev_count": 888552,
      "rev_date": "2025-11-02T19:18:41Z",
      "scrape_date": "2025-11-05T16:29:31.678795Z",
      "stabilities": [
        "unstable"
      ],
      "unfree": false,
      "version": "2025.9.10",
      "outputs_to_install": [
        "out"
      ],
      "outputs": {
        "out": "/nix/store/6dx4r0hi11zgb2mz59vn81dglw1c4s9c-mise-2025.9.10"
      },
      "system": "aarch64-linux",
      "group": "toplevel",
      "priority": 5
    },
    {
      "attr_path": "mise",
      "broken": false,
      "derivation": "/nix/store/jd6a8sfy5bvl1bpif56776n302kq6wc5-mise-2025.9.10.drv",
      "description": "Front-end to your dev env",
      "install_id": "mise",
      "license": "MIT",
      "locked_url": "https://github.com/flox/nixpkgs?rev=b3d51a0365f6695e7dd5cdf3e180604530ed33b4",
      "name": "mise-2025.9.10",
      "pname": "mise",
      "rev": "b3d51a0365f6695e7dd5cdf3e180604530ed33b4",
      "rev_count": 888552,
      "rev_date": "2025-11-02T19:18:41Z",
      "scrape_date": "2025-11-05T16:55:18.071826Z",
      "stabilities": [
        "unstable"
      ],
      "unfree": false,
      "version": "2025.9.10",
      "outputs_to_install": [
        "out"
      ],
      "outputs": {
        "out": "/nix/store/k10im1wqj38s4k7wv3dbz91ppkc7iamm-mise-2025.9.10"
      },
      "system": "x86_64-darwin",
      "group": "toplevel",
      "priority": 5
    },
    {
      "attr_path": "mise",
      "broken": false,
      "derivation": "/nix/store/d0ciimbpznwfwvcarnjnc6z4w6dcqbfr-mise-2025.9.10.drv",
      "description": "Front-end to your dev env",
      "install_id": "mise",
      "license": "MIT",
      "locked_url": "https://github.com/flox/nixpkgs?rev=b3d51a0365f6695e7dd5cdf3e180604530ed33b4",
      "name": "mise-2025.9.10",
      "pname": "mise",
      "rev": "b3d51a0365f6695e7dd5cdf3e180604530ed33b4",
      "rev_count": 888552,
      "rev_date": "2025-11-02T19:18:41Z",
      "scrape_date": "2025-11-05T17:21:24.334259Z",
      "stabilities": [
        "unstable"
      ],
      "unfree": false,
      "version": "2025.9.10",
      "outputs_to_install": [
        "out"
      ],
      "outputs": {
        "out": "/nix/store/119qj1zk6bqhy1m5w5lgdvg8wp3fsxcw-mise-2025.9.10"
      },
      "system": "x86_64-linux",
      "group": "toplevel",
      "priority": 5
    },
    {
      "attr_path": "teleport_16",
      "broken": false,
      "derivation": "/nix/store/g0f87ilc93ih6crpn6iw2mby1naxjmm2-teleport-16.5.15.drv",
      "description": "Certificate authority and access plane for SSH, Kubernetes, web applications, and databases",
      "install_id": "teleport_16",
      "license": "AGPL-3.0-or-later",
      "locked_url": "https://github.com/flox/nixpkgs?rev=b3d51a0365f6695e7dd5cdf3e180604530ed33b4",
      "name": "teleport-16.5.15",
      "pname": "teleport_16",
      "rev": "b3d51a0365f6695e7dd5cdf3e180604530ed33b4",
      "rev_count": 888552,
      "rev_date": "2025-11-02T19:18:41Z",
      "scrape_date": "2025-11-04T00:37:05.821197Z",
      "stabilities": [
        "unstable"
      ],
      "unfree": false,
      "version": "16.5.15",
      "outputs_to_install": [
        "out"
      ],
      "outputs": {
        "client": "/nix/store/q206apl3bjiaix5g1rh03qvlcpjalzwg-teleport-16.5.15-client",
        "out": "/nix/store/aydmz5ip5958f2kwaw0lm7ixy5i6ih16-teleport-16.5.15"
      },
      "system": "aarch64-darwin",
      "group": "toplevel",
      "priority": 5
    },
    {
      "attr_path": "teleport_16",
      "broken": false,
      "derivation": "/nix/store/z4v28h70imcdpn6sbyp9yg35wq9j0jdm-teleport-16.5.15.drv",
      "description": "Certificate authority and access plane for SSH, Kubernetes, web applications, and databases",
      "install_id": "teleport_16",
      "license": "AGPL-3.0-or-later",
      "locked_url": "https://github.com/flox/nixpkgs?rev=b3d51a0365f6695e7dd5cdf3e180604530ed33b4",
      "name": "teleport-16.5.15",
      "pname": "teleport_16",
      "rev": "b3d51a0365f6695e7dd5cdf3e180604530ed33b4",
      "rev_count": 888552,
      "rev_date": "2025-11-02T19:18:41Z",
      "scrape_date": "2025-11-05T16:31:26.006053Z",
      "stabilities": [
        "unstable"
      ],
      "unfree": false,
      "version": "16.5.15",
      "outputs_to_install": [
        "out"
      ],
      "outputs": {
        "client": "/nix/store/y9varif1pxz2wg28jqlah20yqb0v167x-teleport-16.5.15-client",
        "out": "/nix/store/qhpfj3blj07ahz598i2gqris1fp2rkq2-teleport-16.5.15"
      },
      "system": "aarch64-linux",
      "group": "toplevel",
      "priority": 5
    },
    {
      "attr_path": "teleport_16",
      "broken": false,
      "derivation": "/nix/store/8n44zqxqh0rdw8gsxsxy3d868p1b1xgn-teleport-16.5.15.drv",
      "description": "Certificate authority and access plane for SSH, Kubernetes, web applications, and databases",
      "install_id": "teleport_16",
      "license": "AGPL-3.0-or-later",
      "locked_url": "https://github.com/flox/nixpkgs?rev=b3d51a0365f6695e7dd5cdf3e180604530ed33b4",
      "name": "teleport-16.5.15",
      "pname": "teleport_16",
      "rev": "b3d51a0365f6695e7dd5cdf3e180604530ed33b4",
      "rev_count": 888552,
      "rev_date": "2025-11-02T19:18:41Z",
      "scrape_date": "2025-11-05T16:56:40.661992Z",
      "stabilities": [
        "unstable"
      ],
      "unfree": false,
      "version": "16.5.15",
      "outputs_to_install": [
        "out"
      ],
      "outputs": {
        "client": "/nix/store/rs3f1b8yd3iqag99js7dzsz7kirsmany-teleport-16.5.15-client",
        "out": "/nix/store/6x1dr7gylxj15cy5n5ds0q9rcr6gxj5k-teleport-16.5.15"
      },
      "system": "x86_64-darwin",
      "group": "toplevel",
      "priority": 5
    },
    {
      "attr_path": "teleport_16",
      "broken": false,
      "derivation": "/nix/store/5q0kg177k321kl7npal3046gv5kdgf9b-teleport-16.5.15.drv",
      "description": "Certificate authority and access plane for SSH, Kubernetes, web applications, and databases",
      "install_id": "teleport_16",
      "license": "AGPL-3.0-or-later",
      "locked_url": "https://github.com/flox/nixpkgs?rev=b3d51a0365f6695e7dd5cdf3e180604530ed33b4",
      "name": "teleport-16.5.15",
      "pname": "teleport_16",
      "rev": "b3d51a0365f6695e7dd5cdf3e180604530ed33b4",
      "rev_count": 888552,
      "rev_date": "2025-11-02T19:18:41Z",
      "scrape_date": "2025-11-05T17:23:29.957771Z",
      "stabilities": [
        "unstable"
      ],
      "unfree": false,
      "version": "16.5.15",
      "outputs_to_install": [
        "out"
      ],
      "outputs": {
        "client": "/nix/store/x0kbm5bxrwqg86w7644vmmp0fsv2x9r7-teleport-16.5.15-client",
        "out": "/nix/store/kzci8k4s8rr18x667mws5dyla0qhhsi3-teleport-16.5.15"
      },
      "system": "x86_64-linux",
      "group": "toplevel",
      "priority": 5
    }
  ]
}