{
  "lockfile-version": 1,
  "manifest": {
    "schema-version": "1.11.0",
    "install": {
      "gh": {
        "pkg-path": "gh"
      },
      "go": {
        "pkg-path": "go"
      },
      "gopls": {
        "pkg-path": "gopls"
      },
      "mise": {
        "pkg-path": "mise"
      },
      "teleport": {
        "pkg-path": "teleport",
        "pkg-group": "teleport",
        "version": "17",
        "outputs": "all"
      }
    },
    "hook": {},
    "profile": {},
    "options": {}
  },
  "packages": [
    {
      "attr_path": "gh",
      "broken": false,
      "derivation": "/nix/store/wf7fhmqp98gpmxcg60928cnnfr1v0lql-gh-2.68.1.drv",
      "description": "GitHub CLI tool",
      "install_id": "gh",
      "license": "MIT",
      "locked_url": "https://github.com/flox/nixpkgs?rev=6607cf789e541e7873d40d3a8f7815ea92204f32",
      "name": "gh-2.68.1",
      "pname": "gh",
      "rev": "6607cf789e541e7873d40d3a8f7815ea92204f32",
      "rev_count": 767267,
      "rev_date": "2025-03-13T07:39:42Z",
      "scrape_date": "2025-03-14T00:31:05Z",
      "stabilities": [
        "staging",
        "unstable"
      ],
      "unfree": false,
      "version": "2.68.1",
      "outputs_to_install": [
        "out"
      ],
      "outputs": {
        "out": "/nix/store/qbam4w81gg5fvs4dh02mlqbvk9ycgdrn-gh-2.68.1"
      },
      "system": "aarch64-darwin",
      "group": "toplevel",
      "priority": 5
    },
    {
      "attr_path": "gh",
      "broken": false,
      "derivation": "/nix/store/6hc24qcnkpm9hip78v3n0bb77np6042d-gh-2.68.1.drv",
      "description": "GitHub CLI tool",
      "install_id": "gh",
      "license": "MIT",
      "locked_url": "https://github.com/flox/nixpkgs?rev=6607cf789e541e7873d40d3a8f7815ea92204f32",
      "name": "gh-2.68.1",
      "pname": "gh",
      "rev": "6607cf789e541e7873d40d3a8f7815ea92204f32",
      "rev_count": 767267,
      "rev_date": "2025-03-13T07:39:42Z",
      "scrape_date": "2025-03-14T00:31:05Z",
      "stabilities": [
        "staging",
        "unstable"
      ],
      "unfree": false,
      "version": "2.68.1",
      "outputs_to_install": [
        "out"
      ],
      "outputs": {
        "out": "/nix/store/y54l6mdjb6dfjgc3144ycdi2ahmjaiba-gh-2.68.1"
      },
      "system": "aarch64-linux",
      "group": "toplevel",
      "priority": 5
    },
    {
      "attr_path": "gh",
      "broken": false,
      "derivation": "/nix/store/2f0lk3fmk14i7jkkpjjx4qbzz9v15zzs-gh-2.68.1.drv",
      "description": "GitHub CLI tool",
      "install_id": "gh",
      "license": "MIT",
      "locked_url": "https://github.com/flox/nixpkgs?rev=6607cf789e541e7873d40d3a8f7815ea92204f32",
      "name": "gh-2.68.1",
      "pname": "gh",
      "rev": "6607cf789e541e7873d40d3a8f7815ea92204f32",
      "rev_count": 767267,
      "rev_date": "2025-03-13T07:39:42Z",
      "scrape_date": "2025-03-14T00:31:05Z",
      "stabilities": [
        "staging",
        "unstable"
      ],
      "unfree": false,
      "version": "2.68.1",
      "outputs_to_install": [
        "out"
      ],
      "outputs": {
        "out": "/nix/store/r1qmxbxn6ila24ahh94w0h3f07dkjpsn-gh-2.68.1"
      },
      "system": "x86_64-darwin",
      "group": "toplevel",
      "priority": 5
    },
    {
      "attr_path": "gh",
      "broken": false,
      "derivation": "/nix/store/n0485b380h5cl3iywfbqv3k04v7a6gp8-gh-2.68.1.drv",
      "description": "GitHub CLI tool",
      "install_id": "gh",
      "license": "MIT",
      "locked_url": "https://github.com/flox/nixpkgs?rev=6607cf789e541e7873d40d3a8f7815ea92204f32",
      "name": "gh-2.68.1",
      "pname": "gh",
      "rev": "6607cf789e541e7873d40d3a8f7815ea92204f32",
      "rev_count": 767267,
      "rev_date": "2025-03-13T07:39:42Z",
      "scrape_date": "2025-03-14T00:31:05Z",
      "stabilities": [
        "staging",
        "unstable"
      ],
      "unfree": false,
      "version": "2.68.1",
      "outputs_to_install": [
        "out"
      ],
      "outputs": {
        "out": "/nix/store/xnx0zdzqyrl07hslrf0r6dc95rvi1sb8-gh-2.68.1"
      },
      "system": "x86_64-linux",
      "group": "toplevel",
      "priority": 5
    },
    {
      "attr_path": "go",
      "broken": false,
      "derivation": "/nix/store/3m81p42iv5k7hsh4ddwmgfl4bvk5c0cz-go-1.24.1.drv",
      "description": "Go Programming language",
      "install_id": "go",
      "license": "BSD-3-Clause",
      "locked_url": "https://github.com/flox/nixpkgs?rev=6607cf789e541e7873d40d3a8f7815ea92204f32",
      "name": "go-1.24.1",
      "pname": "go",
      "rev": "6607cf789e541e7873d40d3a8f7815ea92204f32",
      "rev_count": 767267,
      "rev_date": "2025-03-13T07:39:42Z",
      "scrape_date": "2025-03-14T00:31:05Z",
      "stabilities": [
        "staging",
        "unstable"
      ],
      "unfree": false,
      "version": "1.24.1",
      "outputs_to_install": [
        "out"
      ],
      "outputs": {
        "out": "/nix/store/ja4jxx60lh1qfqfl4z4p2rff56ia1c3c-go-1.24.1"
      },
      "system": "aarch64-darwin",
      "group": "toplevel",
      "priority": 5
    },
    {
      "attr_path": "go",
      "broken": false,
      "derivation": "/nix/store/0id8swmh8ilp0ivgpxb7qzp35mqn9rb9-go-1.24.1.drv",
      "description": "Go Programming language",
      "install_id": "go",
      "license": "BSD-3-Clause",
      "locked_url": "https://github.com/flox/nixpkgs?rev=6607cf789e541e7873d40d3a8f7815ea92204f32",
      "name": "go-1.24.1",
      "pname": "go",
      "rev": "6607cf789e541e7873d40d3a8f7815ea92204f32",
      "rev_count": 767267,
      "rev_date": "2025-03-13T07:39:42Z",
      "scrape_date": "2025-03-14T00:31:05Z",
      "stabilities": [
        "staging",
        "unstable"
      ],
      "unfree": false,
      "version": "1.24.1",
      "outputs_to_install": [
        "out"
      ],
      "outputs": {
        "out": "/nix/store/8ply43gnxk1xwichr81mpgbjcd9a1y5w-go-1.24.1"
      },
      "system": "aarch64-linux",
      "group": "toplevel",
      "priority": 5
    },
    {
      "attr_path": "go",
      "broken": false,
      "derivation": "/nix/store/mrf18v48xzv6kq8ydpg9wa4zzvhpk6q3-go-1.24.1.drv",
      "description": "Go Programming language",
      "install_id": "go",
      "license": "BSD-3-Clause",
      "locked_url": "https://github.com/flox/nixpkgs?rev=6607cf789e541e7873d40d3a8f7815ea92204f32",
      "name": "go-1.24.1",
      "pname": "go",
      "rev": "6607cf789e541e7873d40d3a8f7815ea92204f32",
      "rev_count": 767267,
      "rev_date": "2025-03-13T07:39:42Z",
      "scrape_date": "2025-03-14T00:31:05Z",
      "stabilities": [
        "staging",
        "unstable"
      ],
      "unfree": false,
      "version": "1.24.1",
      "outputs_to_install": [
        "out"
      ],
      "outputs": {
        "out": "/nix/store/87yxrfx5lh78bdz393i33cr5z23x06q4-go-1.24.1"
      },
      "system": "x86_64-darwin",
      "group": "toplevel",
      "priority": 5
    },
    {
      "attr_path": "go",
      "broken": false,
      "derivation": "/nix/store/d9678q90mwgfn00ygr1xfgxhg8pfz1y5-go-1.24.1.drv",
      "description": "Go Programming language",
      "install_id": "go",
      "license": "BSD-3-Clause",
      "locked_url": "https://github.com/flox/nixpkgs?rev=6607cf789e541e7873d40d3a8f7815ea92204f32",
      "name": "go-1.24.1",
      "pname": "go",
      "rev": "6607cf789e541e7873d40d3a8f7815ea92204f32",
      "rev_count": 767267,
      "rev_date": "2025-03-13T07:39:42Z",
      "scrape_date": "2025-03-14T00:31:05Z",
      "stabilities": [
        "staging",
        "unstable"
      ],
      "unfree": false,
      "version": "1.24.1",
      "outputs_to_install": [
        "out"
      ],
      "outputs": {
        "out": "/nix/store/cfjhl0kn7xc65466pha9fkrvigw3g72n-go-1.24.1"
      },
      "system": "x86_64-linux",
      "group": "toplevel",
      "priority": 5
    },
    {
      "attr_path": "gopls",
      "broken": false,
      "derivation": "/nix/store/2pq84591ahj5h6xqxpskx73biqnvfa71-gopls-0.18.1.drv",
      "description": "Official language server for the Go language",
      "install_id": "gopls",
      "license": "BSD-3-Clause",
      "locked_url": "https://github.com/flox/nixpkgs?rev=6607cf789e541e7873d40d3a8f7815ea92204f32",
      "name": "gopls-0.18.1",
      "pname": "gopls",
      "rev": "6607cf789e541e7873d40d3a8f7815ea92204f32",
      "rev_count": 767267,
      "rev_date": "2025-03-13T07:39:42Z",
      "scrape_date": "2025-03-14T00:31:05Z",
      "stabilities": [
        "staging",
        "unstable"
      ],
      "unfree": false,
      "version": "0.18.1",
      "outputs_to_install": [
        "out"
      ],
      "outputs": {
        "out": "/nix/store/wphphjsknh3n3rnfazbcskvb077chb3n-gopls-0.18.1"
      },
      "system": "aarch64-darwin",
      "group": "toplevel",
      "priority": 5
    },
    {
      "attr_path": "gopls",
      "broken": false,
      "derivation": "/nix/store/dzmdc004y5xsrf59w0rii7l290ynh0a9-gopls-0.18.1.drv",
      "description": "Official language server for the Go language",
      "install_id": "gopls",
      "license": "BSD-3-Clause",
      "locked_url": "https://github.com/flox/nixpkgs?rev=6607cf789e541e7873d40d3a8f7815ea92204f32",
      "name": "gopls-0.18.1",
      "pname": "gopls",
      "rev": "6607cf789e541e7873d40d3a8f7815ea92204f32",
      "rev_count": 767267,
      "rev_date": "2025-03-13T07:39:42Z",
      "scrape_date": "2025-03-14T00:31:05Z",
      "stabilities": [
        "staging",
        "unstable"
      ],
      "unfree": false,
      "version": "0.18.1",
      "outputs_to_install": [
        "out"
      ],
      "outputs": {
        "out": "/nix/store/arsvk8nxa38j5hr7k7i7bybrcz2ln5cd-gopls-0.18.1"
      },
      "system": "aarch64-linux",
      "group": "toplevel",
      "priority": 5
    },
    {
      "attr_path": "gopls",
      "broken": false,
      "derivation": "/nix/store/mrf2hkmsx6001n1jbyxhhmxd5fz81a3g-gopls-0.18.1.drv",
      "description": "Official language server for the Go language",
      "install_id": "gopls",
      "license": "BSD-3-Clause",
      "locked_url": "https://github.com/flox/nixpkgs?rev=6607cf789e541e7873d40d3a8f7815ea92204f32",
      "name": "gopls-0.18.1",
      "pname": "gopls",
      "rev": "6607cf789e541e7873d40d3a8f7815ea92204f32",
      "rev_count": 767267,
      "rev_date": "2025-03-13T07:39:42Z",
      "scrape_date": "2025-03-14T00:31:05Z",
      "stabilities": [
        "staging",
        "unstable"
      ],
      "unfree": false,
      "version": "0.18.1",
      "outputs_to_install": [
        "out"
      ],
      "outputs": {
        "out": "/nix/store/23b2gw52ddhgsjqm4cq14lwqx8vxbqd2-gopls-0.18.1"
      },
      "system": "x86_64-darwin",
      "group": "toplevel",
      "priority": 5
    },
    {
      "attr_path": "gopls",
      "broken": false,
      "derivation": "/nix/store/l3rhy4ddw6xs0m0hq8a3lf4dqhyhv12b-gopls-0.18.1.drv",
      "description": "Official language server for the Go language",
      "install_id": "gopls",
      "license": "BSD-3-Clause",
      "locked_url": "https://github.com/flox/nixpkgs?rev=6607cf789e541e7873d40d3a8f7815ea92204f32",
      "name": "gopls-0.18.1",
      "pname": "gopls",
      "rev": "6607cf789e541e7873d40d3a8f7815ea92204f32",
      "rev_count": 767267,
      "rev_date": "2025-03-13T07:39:42Z",
      "scrape_date": "2025-03-14T00:31:05Z",
      "stabilities": [
        "staging",
        "unstable"
      ],
      "unfree": false,
      "version": "0.18.1",
      "outputs_to_install": [
        "out"
      ],
      "outputs": {
        "out": "/nix/store/yw5i9bhlilril5y89x16i5fnmj8qm7np-gopls-0.18.1"
      },
      "system": "x86_64-linux",
      "group": "toplevel",
      "priority": 5
    },
    {
      "attr_path": "mise",
      "broken": false,
      "derivation": "/nix/store/dvqdgpdnh25qsq1h3bdw6d6l6nk442pa-mise-2025.2.7.drv",
      "description": "Front-end to your dev env",
      "install_id": "mise",
      "license": "MIT",
      "locked_url": "https://github.com/flox/nixpkgs?rev=6607cf789e541e7873d40d3a8f7815ea92204f32",
      "name": "mise-2025.2.7",
      "pname": "mise",
      "rev": "6607cf789e541e7873d40d3a8f7815ea92204f32",
      "rev_count": 767267,
      "rev_date": "2025-03-13T07:39:42Z",
      "scrape_date": "2025-03-14T00:31:05Z",
      "stabilities": [
        "staging",
        "unstable"
      ],
      "unfree": false,
      "version": "2025.2.7",
      "outputs_to_install": [
        "out"
      ],
      "outputs": {
        "out": "/nix/store/rj24b6kyr7dj94c072xz84ayyvm36ac3-mise-2025.2.7"
      },
      "system": "aarch64-darwin",
      "group": "toplevel",
      "priority": 5
    },
    {
      "attr_path": "mise",
      "broken": false,
      "derivation": "/nix/store/xl863k9awjw4w1cxi6akcl3bfr3fwvy1-mise-2025.2.7.drv",
      "description": "Front-end to your dev env",
      "install_id": "mise",
      "license": "MIT",
      "locked_url": "https://github.com/flox/nixpkgs?rev=6607cf789e541e7873d40d3a8f7815ea92204f32",
      "name": "mise-2025.2.7",
      "pname": "mise",
      "rev": "6607cf789e541e7873d40d3a8f7815ea92204f32",
      "rev_count": 767267,
      "rev_date": "2025-03-13T07:39:42Z",
      "scrape_date": "2025-03-14T00:31:05Z",
      "stabilities": [
        "staging",
        "unstable"
      ],
      "unfree": false,
      "version": "2025.2.7",
      "outputs_to_install": [
        "out"
      ],
      "outputs": {
        "out": "/nix/store/sl2gzycvgzjd8saw6pigiw8wc757iyb0-mise-2025.2.7"
      },
      "system": "aarch64-linux",
      "group": "toplevel",
      "priority": 5
    },
    {
      "attr_path": "mise",
      "broken": false,
      "derivation": "/nix/store/0zvnym5znka43riws4kivhsgafamrs6f-mise-2025.2.7.drv",
      "description": "Front-end to your dev env",
      "install_id": "mise",
      "license": "MIT",
      "locked_url": "https://github.com/flox/nixpkgs?rev=6607cf789e541e7873d40d3a8f7815ea92204f32",
      "name": "mise-2025.2.7",
      "pname": "mise",
      "rev": "6607cf789e541e7873d40d3a8f7815ea92204f32",
      "rev_count": 767267,
      "rev_date": "2025-03-13T07:39:42Z",
      "scrape_date": "2025-03-14T00:31:05Z",
      "stabilities": [
        "staging",
        "unstable"
      ],
      "unfree": false,
      "version": "2025.2.7",
      "outputs_to_install": [
        "out"
      ],
      "outputs": {
        "out": "/nix/store/xnam7hfw6kr232acqv13fhw4ykqjh46s-mise-2025.2.7"
      },
      "system": "x86_64-darwin",
      "group": "toplevel",
      "priority": 5
    },
    {
      "attr_path": "mise",
      "broken": false,
      "derivation": "/nix/store/j1dfd8md71hangpws5wznn2a357c2b7h-mise-2025.2.7.drv",
      "description": "Front-end to your dev env",
      "install_id": "mise",
      "license": "MIT",
      "locked_url": "https://github.com/flox/nixpkgs?rev=6607cf789e541e7873d40d3a8f7815ea92204f32",
      "name": "mise-2025.2.7",
      "pname": "mise",
      "rev": "6607cf789e541e7873d40d3a8f7815ea92204f32",
      "rev_count": 767267,
      "rev_date": "2025-03-13T07:39:42Z",
      "scrape_date": "2025-03-14T00:31:05Z",
      "stabilities": [
        "staging",
        "unstable"
      ],
      "unfree": false,
      "version": "2025.2.7",
      "outputs_to_install": [
        "out"
      ],
      "outputs": {
        "out": "/nix/store/gj8bpc422wqmajivl83pp40s90v5lk9m-mise-2025.2.7"
      },
      "system": "x86_64-linux",
      "group": "toplevel",
      "priority": 5
    },
    {
      "attr_path": "teleport",
      "broken": false,
      "derivation": "/nix/store/dfd55zlnk0a4ia72f7ggfwhilgbsvw32-teleport-17.7.3.drv",
      "description": "Certificate authority and access plane for SSH, Kubernetes, web applications, and databases",
      "install_id": "teleport",
      "license": "AGPL-3.0-or-later",
      "locked_url": "https://github.com/flox/nixpkgs?rev=01f116e4df6a15f4ccdffb1bcd41096869fb385c",
      "name": "teleport-17.7.3",
      "pname": "teleport",
      "rev": "01f116e4df6a15f4ccdffb1bcd41096869fb385c",
      "rev_count": 882227,
      "rev_date": "2025-10-22T06:30:52Z",
      "scrape_date": "2025-10-24T01:13:37.647794Z",
      "stabilities": [
        "stable",
        "staging",
        "unstable"
      ],
      "unfree": false,
      "version": "17.7.3",
      "outputs_to_install": [
        "out"
      ],
      "outputs": {
        "client": "/nix/store/z63vn745n2x6lm9arfdaazhlfm51iv2a-teleport-17.7.3-client",
        "out": "/nix/store/15hpsi3i1mi2c2j1jxni8d0spqgphyfg-teleport-17.7.3"
      },
      "system": "aarch64-darwin",
      "group": "teleport",
      "priority": 5
    },
    {
      "attr_path": "teleport",
      "broken": false,
      "derivation": "/nix/store/shj0abvyi5hcal2xi1jafvh6aw9vm671-teleport-17.7.3.drv",
      "description": "Certificate authority and access plane for SSH, Kubernetes, web applications, and databases",
      "install_id": "teleport",
      "license": "AGPL-3.0-or-later",
      "locked_url": "https://github.com/flox/nixpkgs?rev=01f116e4df6a15f4ccdffb1bcd41096869fb385c",
      "name": "teleport-17.7.3",
      "pname": "teleport",
      "rev": "01f116e4df6a15f4ccdffb1bcd41096869fb385c",
      "rev_count": 882227,
      "rev_date": "2025-10-22T06:30:52Z",
      "scrape_date": "2025-10-24T01:50:56.576170Z",
      "stabilities": [
        "stable",
        "staging",
        "unstable"
      ],
      "unfree": false,
      "version": "17.7.3",
      "outputs_to_install": [
        "out"
      ],
      "outputs": {
        "client": "/nix/store/1grj8frwrybrq6jkycd580gwrnn5jjjy-teleport-17.7.3-client",
        "out": "/nix/store/m5bwj0l65xzv4yq784950ql6bhl5334f-teleport-17.7.3"
      },
      "system": "aarch64-linux",
      "group": "teleport",
      "priority": 5
    },
    {
      "attr_path": "teleport",
      "broken": false,
      "derivation": "/nix/store/9jghyk69c5yl1007p5vndq5fhriccmmk-teleport-17.7.3.drv",
      "description": "Certificate authority and access plane for SSH, Kubernetes, web applications, and databases",
      "install_id": "teleport",
      "license": "AGPL-3.0-or-later",
      "locked_url": "https://github.com/flox/nixpkgs?rev=01f116e4df6a15f4ccdffb1bcd41096869fb385c",
      "name": "teleport-17.7.3",
      "pname": "teleport",
      "rev": "01f116e4df6a15f4ccdffb1bcd41096869fb385c",
      "rev_count": 882227,
      "rev_date": "2025-10-22T06:30:52Z",
      "scrape_date": "2025-10-24T02:23:40.759029Z",
      "stabilities": [
        "stable",
        "staging",
        "unstable"
      ],
      "unfree": false,
      "version": "17.7.3",
      "outputs_to_install": [
        "out"
      ],
      "outputs": {
        "client": "/nix/store/83hdpkxb89vsmlggs965ihp2470bjxi4-teleport-17.7.3-client",
        "out": "/nix/store/jbyh7wfwd5hqfs8rzzfqp8jcn203mn9r-teleport-17.7.3"
      },
      "system": "x86_64-darwin",
      "group": "teleport",
      "priority": 5
    },
    {
      "attr_path": "teleport",
      "broken": false,
      "derivation": "/nix/store/xh5j73nca0msgk0q9q3c4wxkd7zfqvnd-teleport-17.7.3.drv",
      "description": "Certificate authority and access plane for SSH, Kubernetes, web applications, and databases",
      "install_id": "teleport",
      "license": "AGPL-3.0-or-later",
      "locked_url": "https://github.com/flox/nixpkgs?rev=01f116e4df6a15f4ccdffb1bcd41096869fb385c",
      "name": "teleport-17.7.3",
      "pname": "teleport",
      "rev": "01f116e4df6a15f4ccdffb1bcd41096869fb385c",
      "rev_count": 882227,
      "rev_date": "2025-10-22T06:30:52Z",
      "scrape_date": "2025-10-24T03:01:13.381952Z",
      "stabilities": [
        "stable",
        "staging",
        "unstable"
      ],
      "unfree": false,
      "version": "17.7.3",
      "outputs_to_install": [
        "out"
      ],
      "outputs": {
        "client": "/nix/store/lwrpq8lvdlks72hakbq98489ax1v425m-teleport-17.7.3-client",
        "out": "/nix/store/jlw7fyals9fhi3r268kzvcfy08jp5h81-teleport-17.7.3"
      },
      "system": "x86_64-linux",
      "group": "teleport",
      "priority": 5
    }
  ]
}
