{
  "lockfile-version": 1,
  "manifest": {
    "version": 1,
    "install": {
      "claude-code": {
        "pkg-path": "claude-code",
        "pkg-group": "claude-code"
      },
      "flox-mcp-server": {
        "pkg-path": "flox/flox-mcp-server",
        "pkg-group": "flox-mcp-server",
        "systems": [
          "aarch64-darwin",
          "x86_64-linux",
          "aarch64-linux"
        ]
      },
      "gh": {
        "pkg-path": "gh"
      },
      "go": {
        "pkg-path": "go"
      },
      "gopls": {
        "pkg-path": "gopls"
      },
      "mise": {
        "pkg-path": "mise"
      },
      "teleport": {
        "pkg-path": "teleport",
        "version": "16.4.16"
      }
    },
    "hook": {},
    "profile": {},
    "options": {}
  },
  "packages": [
    {
      "attr_path": "claude-code",
      "broken": false,
      "derivation": "/nix/store/b843f9gvy3plcvbg1xd454bnaabh694a-claude-code-2.1.39.drv",
      "description": "Agentic coding tool that lives in your terminal, understands your codebase, and helps you code faster",
      "install_id": "claude-code",
      "license": "Unfree",
      "locked_url": "https://github.com/flox/nixpkgs?rev=0182a361324364ae3f436a63005877674cf45efb",
      "name": "claude-code-2.1.39",
      "pname": "claude-code",
      "rev": "0182a361324364ae3f436a63005877674cf45efb",
      "rev_count": 948083,
      "rev_date": "2026-02-17T23:04:30Z",
      "scrape_date": "2026-02-19T04:39:52.326846Z",
      "stabilities": [
        "staging",
        "unstable"
      ],
      "unfree": true,
      "version": "2.1.39",
      "outputs_to_install": [
        "out"
      ],
      "outputs": {
        "out": "/nix/store/jxyjdnn3nmvjqv7n1diiysb799qfvr60-claude-code-2.1.39"
      },
      "system": "aarch64-darwin",
      "group": "claude-code",
      "priority": 5
    },
    {
      "attr_path": "claude-code",
      "broken": false,
      "derivation": "/nix/store/vm72qxdm91slf7w0zax2nhp6hbiwhbjb-claude-code-2.1.39.drv",
      "description": "Agentic coding tool that lives in your terminal, understands your codebase, and helps you code faster",
      "install_id": "claude-code",
      "license": "Unfree",
      "locked_url": "https://github.com/flox/nixpkgs?rev=0182a361324364ae3f436a63005877674cf45efb",
      "name": "claude-code-2.1.39",
      "pname": "claude-code",
      "rev": "0182a361324364ae3f436a63005877674cf45efb",
      "rev_count": 948083,
      "rev_date": "2026-02-17T23:04:30Z",
      "scrape_date": "2026-02-19T05:12:54.074117Z",
      "stabilities": [
        "staging",
        "unstable"
      ],
      "unfree": true,
      "version": "2.1.39",
      "outputs_to_install": [
        "out"
      ],
      "outputs": {
        "out": "/nix/store/sjqfnb9anq60yi7rb835ig7bqh4hg5q8-claude-code-2.1.39"
      },
      "system": "aarch64-linux",
      "group": "claude-code",
      "priority": 5
    },
    {
      "attr_path": "claude-code",
      "broken": false,
      "derivation": "/nix/store/ccd45sx0mvmwp2imi9pvr54rnsx20cc4-claude-code-2.1.39.drv",
      "description": "Agentic coding tool that lives in your terminal, understands your codebase, and helps you code faster",
      "install_id": "claude-code",
      "license": "Unfree",
      "locked_url": "https://github.com/flox/nixpkgs?rev=0182a361324364ae3f436a63005877674cf45efb",
      "name": "claude-code-2.1.39",
      "pname": "claude-code",
      "rev": "0182a361324364ae3f436a63005877674cf45efb",
      "rev_count": 948083,
      "rev_date": "2026-02-17T23:04:30Z",
      "scrape_date": "2026-02-19T05:45:37.347096Z",
      "stabilities": [
        "staging",
        "unstable"
      ],
      "unfree": true,
      "version": "2.1.39",
      "outputs_to_install": [
        "out"
      ],
      "outputs": {
        "out": "/nix/store/ms34ydrd192vvh8bw0jfv7kdi3qm0l1x-claude-code-2.1.39"
      },
      "system": "x86_64-darwin",
      "group": "claude-code",
      "priority": 5
    },
    {
      "attr_path": "claude-code",
      "broken": false,
      "derivation": "/nix/store/dzgmms21s6hiywhh2ypmvrmny2mncfnk-claude-code-2.1.39.drv",
      "description": "Agentic coding tool that lives in your terminal, understands your codebase, and helps you code faster",
      "install_id": "claude-code",
      "license": "Unfree",
      "locked_url": "https://github.com/flox/nixpkgs?rev=0182a361324364ae3f436a63005877674cf45efb",
      "name": "claude-code-2.1.39",
      "pname": "claude-code",
      "rev": "0182a361324364ae3f436a63005877674cf45efb",
      "rev_count": 948083,
      "rev_date": "2026-02-17T23:04:30Z",
      "scrape_date": "2026-02-19T06:23:23.145961Z",
      "stabilities": [
        "staging",
        "unstable"
      ],
      "unfree": true,
      "version": "2.1.39",
      "outputs_to_install": [
        "out"
      ],
      "outputs": {
        "out": "/nix/store/1730mk79ga0f71h41bb05m6lg5hs31r5-claude-code-2.1.39"
      },
      "system": "x86_64-linux",
      "group": "claude-code",
      "priority": 5
    },
    {
      "attr_path": "flox-mcp-server",
      "broken": false,
      "derivation": "/nix/store/inlxks5yk57808y2kc654g2y2wdh73hh-flox-mcp-server-0.2.2.drv",
      "description": "MCP server for Flox package manager",
      "install_id": "flox-mcp-server",
      "license": "MIT",
      "locked_url": "https://github.com/flox/mcp-server?rev=61f940167b7a1d245e314fb84668232ed7195f93",
      "name": "flox-mcp-server-0.2.2",
      "pname": "flox-mcp-server",
      "rev": "61f940167b7a1d245e314fb84668232ed7195f93",
      "rev_count": 30,
      "rev_date": "2026-02-03T16:40:14Z",
      "scrape_date": "2026-02-24T15:47:21.272415209Z",
      "stabilities": [
        "unstable"
      ],
      "unfree": false,
      "version": "0.2.2",
      "outputs_to_install": [
        "out"
      ],
      "outputs": {
        "dist": "/nix/store/hdfanrwiqj9302qiivnpqanfq1zk8srh-flox-mcp-server-0.2.2-dist",
        "out": "/nix/store/6ln8l75s9pi54xz1dlksya8rlq8cz230-flox-mcp-server-0.2.2"
      },
      "system": "aarch64-darwin",
      "group": "flox-mcp-server",
      "priority": 5
    },
    {
      "attr_path": "flox-mcp-server",
      "broken": false,
      "derivation": "/nix/store/pdimfq1f3l2kmx2plr6xpas8abby5y2p-flox-mcp-server-0.2.2.drv",
      "description": "MCP server for Flox package manager",
      "install_id": "flox-mcp-server",
      "license": "MIT",
      "locked_url": "https://github.com/flox/mcp-server?rev=61f940167b7a1d245e314fb84668232ed7195f93",
      "name": "flox-mcp-server-0.2.2",
      "pname": "flox-mcp-server",
      "rev": "61f940167b7a1d245e314fb84668232ed7195f93",
      "rev_count": 30,
      "rev_date": "2026-02-03T16:40:14Z",
      "scrape_date": "2026-02-24T15:47:21.272416542Z",
      "stabilities": [
        "unstable"
      ],
      "unfree": false,
      "version": "0.2.2",
      "outputs_to_install": [
        "out"
      ],
      "outputs": {
        "dist": "/nix/store/6zjsiagcmx2qflf30kgcnfakipynghlk-flox-mcp-server-0.2.2-dist",
        "out": "/nix/store/h4y7xqn88gyxd7vymv40y9jnf4l06p5i-flox-mcp-server-0.2.2"
      },
      "system": "aarch64-linux",
      "group": "flox-mcp-server",
      "priority": 5
    },
    {
      "attr_path": "flox-mcp-server",
      "broken": false,
      "derivation": "/nix/store/nnqy64nl48nwnz26x2kwagr10ryz54yg-flox-mcp-server-0.2.2.drv",
      "description": "MCP server for Flox package manager",
      "install_id": "flox-mcp-server",
      "license": "MIT",
      "locked_url": "https://github.com/flox/mcp-server?rev=61f940167b7a1d245e314fb84668232ed7195f93",
      "name": "flox-mcp-server-0.2.2",
      "pname": "flox-mcp-server",
      "rev": "61f940167b7a1d245e314fb84668232ed7195f93",
      "rev_count": 30,
      "rev_date": "2026-02-03T16:40:14Z",
      "scrape_date": "2026-02-24T15:47:21.272417042Z",
      "stabilities": [
        "unstable"
      ],
      "unfree": false,
      "version": "0.2.2",
      "outputs_to_install": [
        "out"
      ],
      "outputs": {
        "dist": "/nix/store/g2xdbvax1d4yv0czq31pkfnyf5snynh1-flox-mcp-server-0.2.2-dist",
        "out": "/nix/store/xwcqr4jvj2fqnm6jhxaakigbry38y7vk-flox-mcp-server-0.2.2"
      },
      "system": "x86_64-linux",
      "group": "flox-mcp-server",
      "priority": 5
    },
    {
      "attr_path": "gh",
      "broken": false,
      "derivation": "/nix/store/wf7fhmqp98gpmxcg60928cnnfr1v0lql-gh-2.68.1.drv",
      "description": "GitHub CLI tool",
      "install_id": "gh",
      "license": "MIT",
      "locked_url": "https://github.com/flox/nixpkgs?rev=6607cf789e541e7873d40d3a8f7815ea92204f32",
      "name": "gh-2.68.1",
      "pname": "gh",
      "rev": "6607cf789e541e7873d40d3a8f7815ea92204f32",
      "rev_count": 767267,
      "rev_date": "2025-03-13T07:39:42Z",
      "scrape_date": "2025-03-14T00:31:05Z",
      "stabilities": [
        "staging",
        "unstable"
      ],
      "unfree": false,
      "version": "2.68.1",
      "outputs_to_install": [
        "out"
      ],
      "outputs": {
        "out": "/nix/store/qbam4w81gg5fvs4dh02mlqbvk9ycgdrn-gh-2.68.1"
      },
      "system": "aarch64-darwin",
      "group": "toplevel",
      "priority": 5
    },
    {
      "attr_path": "gh",
      "broken": false,
      "derivation": "/nix/store/6hc24qcnkpm9hip78v3n0bb77np6042d-gh-2.68.1.drv",
      "description": "GitHub CLI tool",
      "install_id": "gh",
      "license": "MIT",
      "locked_url": "https://github.com/flox/nixpkgs?rev=6607cf789e541e7873d40d3a8f7815ea92204f32",
      "name": "gh-2.68.1",
      "pname": "gh",
      "rev": "6607cf789e541e7873d40d3a8f7815ea92204f32",
      "rev_count": 767267,
      "rev_date": "2025-03-13T07:39:42Z",
      "scrape_date": "2025-03-14T00:31:05Z",
      "stabilities": [
        "staging",
        "unstable"
      ],
      "unfree": false,
      "version": "2.68.1",
      "outputs_to_install": [
        "out"
      ],
      "outputs": {
        "out": "/nix/store/y54l6mdjb6dfjgc3144ycdi2ahmjaiba-gh-2.68.1"
      },
      "system": "aarch64-linux",
      "group": "toplevel",
      "priority": 5
    },
    {
      "attr_path": "gh",
      "broken": false,
      "derivation": "/nix/store/2f0lk3fmk14i7jkkpjjx4qbzz9v15zzs-gh-2.68.1.drv",
      "description": "GitHub CLI tool",
      "install_id": "gh",
      "license": "MIT",
      "locked_url": "https://github.com/flox/nixpkgs?rev=6607cf789e541e7873d40d3a8f7815ea92204f32",
      "name": "gh-2.68.1",
      "pname": "gh",
      "rev": "6607cf789e541e7873d40d3a8f7815ea92204f32",
      "rev_count": 767267,
      "rev_date": "2025-03-13T07:39:42Z",
      "scrape_date": "2025-03-14T00:31:05Z",
      "stabilities": [
        "staging",
        "unstable"
      ],
      "unfree": false,
      "version": "2.68.1",
      "outputs_to_install": [
        "out"
      ],
      "outputs": {
        "out": "/nix/store/r1qmxbxn6ila24ahh94w0h3f07dkjpsn-gh-2.68.1"
      },
      "system": "x86_64-darwin",
      "group": "toplevel",
      "priority": 5
    },
    {
      "attr_path": "gh",
      "broken": false,
      "derivation": "/nix/store/n0485b380h5cl3iywfbqv3k04v7a6gp8-gh-2.68.1.drv",
      "description": "GitHub CLI tool",
      "install_id": "gh",
      "license": "MIT",
      "locked_url": "https://github.com/flox/nixpkgs?rev=6607cf789e541e7873d40d3a8f7815ea92204f32",
      "name": "gh-2.68.1",
      "pname": "gh",
      "rev": "6607cf789e541e7873d40d3a8f7815ea92204f32",
      "rev_count": 767267,
      "rev_date": "2025-03-13T07:39:42Z",
      "scrape_date": "2025-03-14T00:31:05Z",
      "stabilities": [
        "staging",
        "unstable"
      ],
      "unfree": false,
      "version": "2.68.1",
      "outputs_to_install": [
        "out"
      ],
      "outputs": {
        "out": "/nix/store/xnx0zdzqyrl07hslrf0r6dc95rvi1sb8-gh-2.68.1"
      },
      "system": "x86_64-linux",
      "group": "toplevel",
      "priority": 5
    },
    {
      "attr_path": "go",
      "broken": false,
      "derivation": "/nix/store/3m81p42iv5k7hsh4ddwmgfl4bvk5c0cz-go-1.24.1.drv",
      "description": "Go Programming language",
      "install_id": "go",
      "license": "BSD-3-Clause",
      "locked_url": "https://github.com/flox/nixpkgs?rev=6607cf789e541e7873d40d3a8f7815ea92204f32",
      "name": "go-1.24.1",
      "pname": "go",
      "rev": "6607cf789e541e7873d40d3a8f7815ea92204f32",
      "rev_count": 767267,
      "rev_date": "2025-03-13T07:39:42Z",
      "scrape_date": "2025-03-14T00:31:05Z",
      "stabilities": [
        "staging",
        "unstable"
      ],
      "unfree": false,
      "version": "1.24.1",
      "outputs_to_install": [
        "out"
      ],
      "outputs": {
        "out": "/nix/store/ja4jxx60lh1qfqfl4z4p2rff56ia1c3c-go-1.24.1"
      },
      "system": "aarch64-darwin",
      "group": "toplevel",
      "priority": 5
    },
    {
      "attr_path": "go",
      "broken": false,
      "derivation": "/nix/store/0id8swmh8ilp0ivgpxb7qzp35mqn9rb9-go-1.24.1.drv",
      "description": "Go Programming language",
      "install_id": "go",
      "license": "BSD-3-Clause",
      "locked_url": "https://github.com/flox/nixpkgs?rev=6607cf789e541e7873d40d3a8f7815ea92204f32",
      "name": "go-1.24.1",
      "pname": "go",
      "rev": "6607cf789e541e7873d40d3a8f7815ea92204f32",
      "rev_count": 767267,
      "rev_date": "2025-03-13T07:39:42Z",
      "scrape_date": "2025-03-14T00:31:05Z",
      "stabilities": [
        "staging",
        "unstable"
      ],
      "unfree": false,
      "version": "1.24.1",
      "outputs_to_install": [
        "out"
      ],
      "outputs": {
        "out": "/nix/store/8ply43gnxk1xwichr81mpgbjcd9a1y5w-go-1.24.1"
      },
      "system": "aarch64-linux",
      "group": "toplevel",
      "priority": 5
    },
    {
      "attr_path": "go",
      "broken": false,
      "derivation": "/nix/store/mrf18v48xzv6kq8ydpg9wa4zzvhpk6q3-go-1.24.1.drv",
      "description": "Go Programming language",
      "install_id": "go",
      "license": "BSD-3-Clause",
      "locked_url": "https://github.com/flox/nixpkgs?rev=6607cf789e541e7873d40d3a8f7815ea92204f32",
      "name": "go-1.24.1",
      "pname": "go",
      "rev": "6607cf789e541e7873d40d3a8f7815ea92204f32",
      "rev_count": 767267,
      "rev_date": "2025-03-13T07:39:42Z",
      "scrape_date": "2025-03-14T00:31:05Z",
      "stabilities": [
        "staging",
        "unstable"
      ],
      "unfree": false,
      "version": "1.24.1",
      "outputs_to_install": [
        "out"
      ],
      "outputs": {
        "out": "/nix/store/87yxrfx5lh78bdz393i33cr5z23x06q4-go-1.24.1"
      },
      "system": "x86_64-darwin",
      "group": "toplevel",
      "priority": 5
    },
    {
      "attr_path": "go",
      "broken": false,
      "derivation": "/nix/store/d9678q90mwgfn00ygr1xfgxhg8pfz1y5-go-1.24.1.drv",
      "description": "Go Programming language",
      "install_id": "go",
      "license": "BSD-3-Clause",
      "locked_url": "https://github.com/flox/nixpkgs?rev=6607cf789e541e7873d40d3a8f7815ea92204f32",
      "name": "go-1.24.1",
      "pname": "go",
      "rev": "6607cf789e541e7873d40d3a8f7815ea92204f32",
      "rev_count": 767267,
      "rev_date": "2025-03-13T07:39:42Z",
      "scrape_date": "2025-03-14T00:31:05Z",
      "stabilities": [
        "staging",
        "unstable"
      ],
      "unfree": false,
      "version": "1.24.1",
      "outputs_to_install": [
        "out"
      ],
      "outputs": {
        "out": "/nix/store/cfjhl0kn7xc65466pha9fkrvigw3g72n-go-1.24.1"
      },
      "system": "x86_64-linux",
      "group": "toplevel",
      "priority": 5
    },
    {
      "attr_path": "gopls",
      "broken": false,
      "derivation": "/nix/store/2pq84591ahj5h6xqxpskx73biqnvfa71-gopls-0.18.1.drv",
      "description": "Official language server for the Go language",
      "install_id": "gopls",
      "license": "BSD-3-Clause",
      "locked_url": "https://github.com/flox/nixpkgs?rev=6607cf789e541e7873d40d3a8f7815ea92204f32",
      "name": "gopls-0.18.1",
      "pname": "gopls",
      "rev": "6607cf789e541e7873d40d3a8f7815ea92204f32",
      "rev_count": 767267,
      "rev_date": "2025-03-13T07:39:42Z",
      "scrape_date": "2025-03-14T00:31:05Z",
      "stabilities": [
        "staging",
        "unstable"
      ],
      "unfree": false,
      "version": "0.18.1",
      "outputs_to_install": [
        "out"
      ],
      "outputs": {
        "out": "/nix/store/wphphjsknh3n3rnfazbcskvb077chb3n-gopls-0.18.1"
      },
      "system": "aarch64-darwin",
      "group": "toplevel",
      "priority": 5
    },
    {
      "attr_path": "gopls",
      "broken": false,
      "derivation": "/nix/store/dzmdc004y5xsrf59w0rii7l290ynh0a9-gopls-0.18.1.drv",
      "description": "Official language server for the Go language",
      "install_id": "gopls",
      "license": "BSD-3-Clause",
      "locked_url": "https://github.com/flox/nixpkgs?rev=6607cf789e541e7873d40d3a8f7815ea92204f32",
      "name": "gopls-0.18.1",
      "pname": "gopls",
      "rev": "6607cf789e541e7873d40d3a8f7815ea92204f32",
      "rev_count": 767267,
      "rev_date": "2025-03-13T07:39:42Z",
      "scrape_date": "2025-03-14T00:31:05Z",
      "stabilities": [
        "staging",
        "unstable"
      ],
      "unfree": false,
      "version": "0.18.1",
      "outputs_to_install": [
        "out"
      ],
      "outputs": {
        "out": "/nix/store/arsvk8nxa38j5hr7k7i7bybrcz2ln5cd-gopls-0.18.1"
      },
      "system": "aarch64-linux",
      "group": "toplevel",
      "priority": 5
    },
    {
      "attr_path": "gopls",
      "broken": false,
      "derivation": "/nix/store/mrf2hkmsx6001n1jbyxhhmxd5fz81a3g-gopls-0.18.1.drv",
      "description": "Official language server for the Go language",
      "install_id": "gopls",
      "license": "BSD-3-Clause",
      "locked_url": "https://github.com/flox/nixpkgs?rev=6607cf789e541e7873d40d3a8f7815ea92204f32",
      "name": "gopls-0.18.1",
      "pname": "gopls",
      "rev": "6607cf789e541e7873d40d3a8f7815ea92204f32",
      "rev_count": 767267,
      "rev_date": "2025-03-13T07:39:42Z",
      "scrape_date": "2025-03-14T00:31:05Z",
      "stabilities": [
        "staging",
        "unstable"
      ],
      "unfree": false,
      "version": "0.18.1",
      "outputs_to_install": [
        "out"
      ],
      "outputs": {
        "out": "/nix/store/23b2gw52ddhgsjqm4cq14lwqx8vxbqd2-gopls-0.18.1"
      },
      "system": "x86_64-darwin",
      "group": "toplevel",
      "priority": 5
    },
    {
      "attr_path": "gopls",
      "broken": false,
      "derivation": "/nix/store/l3rhy4ddw6xs0m0hq8a3lf4dqhyhv12b-gopls-0.18.1.drv",
      "description": "Official language server for the Go language",
      "install_id": "gopls",
      "license": "BSD-3-Clause",
      "locked_url": "https://github.com/flox/nixpkgs?rev=6607cf789e541e7873d40d3a8f7815ea92204f32",
      "name": "gopls-0.18.1",
      "pname": "gopls",
      "rev": "6607cf789e541e7873d40d3a8f7815ea92204f32",
      "rev_count": 767267,
      "rev_date": "2025-03-13T07:39:42Z",
      "scrape_date": "2025-03-14T00:31:05Z",
      "stabilities": [
        "staging",
        "unstable"
      ],
      "unfree": false,
      "version": "0.18.1",
      "outputs_to_install": [
        "out"
      ],
      "outputs": {
        "out": "/nix/store/yw5i9bhlilril5y89x16i5fnmj8qm7np-gopls-0.18.1"
      },
      "system": "x86_64-linux",
      "group": "toplevel",
      "priority": 5
    },
    {
      "attr_path": "mise",
      "broken": false,
      "derivation": "/nix/store/dvqdgpdnh25qsq1h3bdw6d6l6nk442pa-mise-2025.2.7.drv",
      "description": "Front-end to your dev env",
      "install_id": "mise",
      "license": "MIT",
      "locked_url": "https://github.com/flox/nixpkgs?rev=6607cf789e541e7873d40d3a8f7815ea92204f32",
      "name": "mise-2025.2.7",
      "pname": "mise",
      "rev": "6607cf789e541e7873d40d3a8f7815ea92204f32",
      "rev_count": 767267,
      "rev_date": "2025-03-13T07:39:42Z",
      "scrape_date": "2025-03-14T00:31:05Z",
      "stabilities": [
        "staging",
        "unstable"
      ],
      "unfree": false,
      "version": "2025.2.7",
      "outputs_to_install": [
        "out"
      ],
      "outputs": {
        "out": "/nix/store/rj24b6kyr7dj94c072xz84ayyvm36ac3-mise-2025.2.7"
      },
      "system": "aarch64-darwin",
      "group": "toplevel",
      "priority": 5
    },
    {
      "attr_path": "mise",
      "broken": false,
      "derivation": "/nix/store/xl863k9awjw4w1cxi6akcl3bfr3fwvy1-mise-2025.2.7.drv",
      "description": "Front-end to your dev env",
      "install_id": "mise",
      "license": "MIT",
      "locked_url": "https://github.com/flox/nixpkgs?rev=6607cf789e541e7873d40d3a8f7815ea92204f32",
      "name": "mise-2025.2.7",
      "pname": "mise",
      "rev": "6607cf789e541e7873d40d3a8f7815ea92204f32",
      "rev_count": 767267,
      "rev_date": "2025-03-13T07:39:42Z",
      "scrape_date": "2025-03-14T00:31:05Z",
      "stabilities": [
        "staging",
        "unstable"
      ],
      "unfree": false,
      "version": "2025.2.7",
      "outputs_to_install": [
        "out"
      ],
      "outputs": {
        "out": "/nix/store/sl2gzycvgzjd8saw6pigiw8wc757iyb0-mise-2025.2.7"
      },
      "system": "aarch64-linux",
      "group": "toplevel",
      "priority": 5
    },
    {
      "attr_path": "mise",
      "broken": false,
      "derivation": "/nix/store/0zvnym5znka43riws4kivhsgafamrs6f-mise-2025.2.7.drv",
      "description": "Front-end to your dev env",
      "install_id": "mise",
      "license": "MIT",
      "locked_url": "https://github.com/flox/nixpkgs?rev=6607cf789e541e7873d40d3a8f7815ea92204f32",
      "name": "mise-2025.2.7",
      "pname": "mise",
      "rev": "6607cf789e541e7873d40d3a8f7815ea92204f32",
      "rev_count": 767267,
      "rev_date": "2025-03-13T07:39:42Z",
      "scrape_date": "2025-03-14T00:31:05Z",
      "stabilities": [
        "staging",
        "unstable"
      ],
      "unfree": false,
      "version": "2025.2.7",
      "outputs_to_install": [
        "out"
      ],
      "outputs": {
        "out": "/nix/store/xnam7hfw6kr232acqv13fhw4ykqjh46s-mise-2025.2.7"
      },
      "system": "x86_64-darwin",
      "group": "toplevel",
      "priority": 5
    },
    {
      "attr_path": "mise",
      "broken": false,
      "derivation": "/nix/store/j1dfd8md71hangpws5wznn2a357c2b7h-mise-2025.2.7.drv",
      "description": "Front-end to your dev env",
      "install_id": "mise",
      "license": "MIT",
      "locked_url": "https://github.com/flox/nixpkgs?rev=6607cf789e541e7873d40d3a8f7815ea92204f32",
      "name": "mise-2025.2.7",
      "pname": "mise",
      "rev": "6607cf789e541e7873d40d3a8f7815ea92204f32",
      "rev_count": 767267,
      "rev_date": "2025-03-13T07:39:42Z",
      "scrape_date": "2025-03-14T00:31:05Z",
      "stabilities": [
        "staging",
        "unstable"
      ],
      "unfree": false,
      "version": "2025.2.7",
      "outputs_to_install": [
        "out"
      ],
      "outputs": {
        "out": "/nix/store/gj8bpc422wqmajivl83pp40s90v5lk9m-mise-2025.2.7"
      },
      "system": "x86_64-linux",
      "group": "toplevel",
      "priority": 5
    },
    {
      "attr_path": "teleport",
      "broken": false,
      "derivation": "/nix/store/14amf7f027w2b24qk9p6j6w2ji7anwk4-teleport-16.4.16.drv",
      "description": "Certificate authority and access plane for SSH, Kubernetes, web applications, and databases",
      "install_id": "teleport",
      "license": "AGPL-3.0-or-later",
      "locked_url": "https://github.com/flox/nixpkgs?rev=6607cf789e541e7873d40d3a8f7815ea92204f32",
      "name": "teleport-16.4.16",
      "pname": "teleport",
      "rev": "6607cf789e541e7873d40d3a8f7815ea92204f32",
      "rev_count": 767267,
      "rev_date": "2025-03-13T07:39:42Z",
      "scrape_date": "2025-03-14T00:31:05Z",
      "stabilities": [
        "staging",
        "unstable"
      ],
      "unfree": false,
      "version": "16.4.16",
      "outputs_to_install": [
        "out"
      ],
      "outputs": {
        "client": "/nix/store/7zigf12sd9gdfapaa4n18lmq0lcm1cby-teleport-16.4.16-client",
        "out": "/nix/store/0znji1x8pfzbn1hnp23f0zi3w49vzc3r-teleport-16.4.16"
      },
      "system": "aarch64-darwin",
      "group": "toplevel",
      "priority": 5
    },
    {
      "attr_path": "teleport",
      "broken": false,
      "derivation": "/nix/store/n17njxbma59gl9b05cbz0rh3z6z0ifyd-teleport-16.4.16.drv",
      "description": "Certificate authority and access plane for SSH, Kubernetes, web applications, and databases",
      "install_id": "teleport",
      "license": "AGPL-3.0-or-later",
      "locked_url": "https://github.com/flox/nixpkgs?rev=6607cf789e541e7873d40d3a8f7815ea92204f32",
      "name": "teleport-16.4.16",
      "pname": "teleport",
      "rev": "6607cf789e541e7873d40d3a8f7815ea92204f32",
      "rev_count": 767267,
      "rev_date": "2025-03-13T07:39:42Z",
      "scrape_date": "2025-03-14T00:31:05Z",
      "stabilities": [
        "staging",
        "unstable"
      ],
      "unfree": false,
      "version": "16.4.16",
      "outputs_to_install": [
        "out"
      ],
      "outputs": {
        "client": "/nix/store/c8dbxhkzxqs7qqvczm80adhzlvn05gpy-teleport-16.4.16-client",
        "out": "/nix/store/ydmhw0rq2ycr5j9cm25x947nxf6f7igp-teleport-16.4.16"
      },
      "system": "aarch64-linux",
      "group": "toplevel",
      "priority": 5
    },
    {
      "attr_path": "teleport",
      "broken": false,
      "derivation": "/nix/store/kzdhyn6jb683wwriqxwbk06jbmah66a6-teleport-16.4.16.drv",
      "description": "Certificate authority and access plane for SSH, Kubernetes, web applications, and databases",
      "install_id": "teleport",
      "license": "AGPL-3.0-or-later",
      "locked_url": "https://github.com/flox/nixpkgs?rev=6607cf789e541e7873d40d3a8f7815ea92204f32",
      "name": "teleport-16.4.16",
      "pname": "teleport",
      "rev": "6607cf789e541e7873d40d3a8f7815ea92204f32",
      "rev_count": 767267,
      "rev_date": "2025-03-13T07:39:42Z",
      "scrape_date": "2025-03-14T00:31:05Z",
      "stabilities": [
        "staging",
        "unstable"
      ],
      "unfree": false,
      "version": "16.4.16",
      "outputs_to_install": [
        "out"
      ],
      "outputs": {
        "client": "/nix/store/0kxn3h1kabvz4qyp7wb9zmybnqy9w69s-teleport-16.4.16-client",
        "out": "/nix/store/abkm82znsn4k4227kggd2vp6ifyj0mn5-teleport-16.4.16"
      },
      "system": "x86_64-darwin",
      "group": "toplevel",
      "priority": 5
    },
    {
      "attr_path": "teleport",
      "broken": false,
      "derivation": "/nix/store/vz7f066gg3sj8vbp1w8wh5wh8krhfxm2-teleport-16.4.16.drv",
      "description": "Certificate authority and access plane for SSH, Kubernetes, web applications, and databases",
      "install_id": "teleport",
      "license": "AGPL-3.0-or-later",
      "locked_url": "https://github.com/flox/nixpkgs?rev=6607cf789e541e7873d40d3a8f7815ea92204f32",
      "name": "teleport-16.4.16",
      "pname": "teleport",
      "rev": "6607cf789e541e7873d40d3a8f7815ea92204f32",
      "rev_count": 767267,
      "rev_date": "2025-03-13T07:39:42Z",
      "scrape_date": "2025-03-14T00:31:05Z",
      "stabilities": [
        "staging",
        "unstable"
      ],
      "unfree": false,
      "version": "16.4.16",
      "outputs_to_install": [
        "out"
      ],
      "outputs": {
        "client": "/nix/store/1a2g6rxmwzhc7kgyyckpwahmky71126a-teleport-16.4.16-client",
        "out": "/nix/store/233apf1r0fk6c967ny3pcj1ahzrvz9xj-teleport-16.4.16"
      },
      "system": "x86_64-linux",
      "group": "toplevel",
      "priority": 5
    }
  ]
}
